
Microsoft Visual Studio Solution File, Format Version 12.00
# Visual Studio Version 17
VisualStudioVersion = 17.13.35818.85 d17.13
MinimumVisualStudioVersion = 10.0.40219.1
Project("{FAE04EC0-301F-11D3-BF4B-00C04F79EFBC}") = "Lab3Charp", "Lab3Charp\Lab3Charp.csproj", "{0CEB5BFE-6682-4675-8FA3-28CC4649FE5B}"
EndProject
Global
	GlobalSection(SolutionConfigurationPlatforms) = preSolution
		Debug|Any CPU = Debug|Any CPU
		Release|Any CPU = Release|Any CPU
	EndGlobalSection
	GlobalSection(ProjectConfigurationPlatforms) = postSolution
		{0CEB5BFE-6682-4675-8FA3-28CC4649FE5B}.Debug|Any CPU.ActiveCfg = Debug|Any CPU
		{0CEB5BFE-6682-4675-8FA3-28CC4649FE5B}.Debug|Any CPU.Build.0 = Debug|Any CPU
		{0CEB5BFE-6682-4675-8FA3-28CC4649FE5B}.Release|Any CPU.ActiveCfg = Release|Any CPU
		{0CEB5BFE-6682-4675-8FA3-28CC4649FE5B}.Release|Any CPU.Build.0 = Release|Any CPU
	EndGlobalSection
	GlobalSection(SolutionProperties) = preSolution
		HideSolutionNode = FALSE
	EndGlobalSection
	GlobalSection(ExtensibilityGlobals) = postSolution
		SolutionGuid = {A67312A2-F81A-49BB-BF76-C6D3EE8AFBB4}
	EndGlobalSection
EndGlobal
